
Microsoft Visual Studio Solution File, Format Version 12.00
# Visual Studio 15
VisualStudioVersion = 15.0.28307.329
MinimumVisualStudioVersion = 10.0.40219.1
Project("{FAE04EC0-301F-11D3-BF4B-00C04F79EFBC}") = "projeto1", "projeto1\projeto1.csproj", "{81058805-F5A2-41C8-83C0-B651990F97CB}"
EndProject
Global
	GlobalSection(SolutionConfigurationPlatforms) = preSolution
		Debug|Any CPU = Debug|Any CPU
		Release|Any CPU = Release|Any CPU
	EndGlobalSection
	GlobalSection(ProjectConfigurationPlatforms) = postSolution
		{81058805-F5A2-41C8-83C0-B651990F97CB}.Debug|Any CPU.ActiveCfg = Debug|Any CPU
		{81058805-F5A2-41C8-83C0-B651990F97CB}.Debug|Any CPU.Build.0 = Debug|Any CPU
		{81058805-F5A2-41C8-83C0-B651990F97CB}.Release|Any CPU.ActiveCfg = Release|Any CPU
		{81058805-F5A2-41C8-83C0-B651990F97CB}.Release|Any CPU.Build.0 = Release|Any CPU
	EndGlobalSection
	GlobalSection(SolutionProperties) = preSolution
		HideSolutionNode = FALSE
	EndGlobalSection
	GlobalSection(ExtensibilityGlobals) = postSolution
		SolutionGuid = {B223627A-3775-450A-87EA-0738BA979014}
	EndGlobalSection
EndGlobal
